
Microsoft Visual Studio Solution File, Format Version 12.00
Project("{FAE04EC0-301F-11D3-BF4B-00C04F79EFBC}") = "HexView", "HexView\HexView.csproj", "{DE055189-83CD-4AE3-BD7A-7A38E6C90D92}"
EndProject
Project("{2150E333-8FDC-42A3-9474-1A3956D46DE8}") = "build", "build", "{57B5C431-566C-4FE4-80DF-23B304C9B554}"
	ProjectSection(SolutionItems) = preProject
		.editorconfig = .editorconfig
		.gitattributes = .gitattributes
		.gitignore = .gitignore
		global.json = global.json
		NuGet.Config = NuGet.Config
		Directory.Build.props = Directory.Build.props
	EndProjectSection
EndProject
Project("{2150E333-8FDC-42A3-9474-1A3956D46DE8}") = "src", "src", "{3CA4B5EA-750D-4724-B696-D1EE0AE93963}"
EndProject
Project("{FAE04EC0-301F-11D3-BF4B-00C04F79EFBC}") = "HexView.Desktop", "HexView.Desktop\HexView.Desktop.csproj", "{8F934DA2-8B62-42EE-BCC7-337E23C586AD}"
EndProject
Project("{FAE04EC0-301F-11D3-BF4B-00C04F79EFBC}") = "HexView.Android", "HexView.Android\HexView.Android.csproj", "{4A6B067E-E04F-463B-8837-08ABBFD70F15}"
EndProject
Project("{FAE04EC0-301F-11D3-BF4B-00C04F79EFBC}") = "HexView.Avalonia", "HexView.Avalonia\HexView.Avalonia.csproj", "{8012D0A8-4793-40D7-983C-017D6BE4C99A}"
EndProject
Global
	GlobalSection(SolutionConfigurationPlatforms) = preSolution
		Debug|Any CPU = Debug|Any CPU
		Release|Any CPU = Release|Any CPU
	EndGlobalSection
	GlobalSection(ProjectConfigurationPlatforms) = postSolution
		{DE055189-83CD-4AE3-BD7A-7A38E6C90D92}.Debug|Any CPU.ActiveCfg = Debug|Any CPU
		{DE055189-83CD-4AE3-BD7A-7A38E6C90D92}.Debug|Any CPU.Build.0 = Debug|Any CPU
		{DE055189-83CD-4AE3-BD7A-7A38E6C90D92}.Release|Any CPU.ActiveCfg = Release|Any CPU
		{DE055189-83CD-4AE3-BD7A-7A38E6C90D92}.Release|Any CPU.Build.0 = Release|Any CPU
		{8F934DA2-8B62-42EE-BCC7-337E23C586AD}.Debug|Any CPU.ActiveCfg = Debug|Any CPU
		{8F934DA2-8B62-42EE-BCC7-337E23C586AD}.Debug|Any CPU.Build.0 = Debug|Any CPU
		{8F934DA2-8B62-42EE-BCC7-337E23C586AD}.Release|Any CPU.ActiveCfg = Release|Any CPU
		{8F934DA2-8B62-42EE-BCC7-337E23C586AD}.Release|Any CPU.Build.0 = Release|Any CPU
		{4A6B067E-E04F-463B-8837-08ABBFD70F15}.Debug|Any CPU.ActiveCfg = Debug|Any CPU
		{4A6B067E-E04F-463B-8837-08ABBFD70F15}.Debug|Any CPU.Build.0 = Debug|Any CPU
		{4A6B067E-E04F-463B-8837-08ABBFD70F15}.Release|Any CPU.ActiveCfg = Release|Any CPU
		{4A6B067E-E04F-463B-8837-08ABBFD70F15}.Release|Any CPU.Build.0 = Release|Any CPU
		{8012D0A8-4793-40D7-983C-017D6BE4C99A}.Debug|Any CPU.ActiveCfg = Debug|Any CPU
		{8012D0A8-4793-40D7-983C-017D6BE4C99A}.Debug|Any CPU.Build.0 = Debug|Any CPU
		{8012D0A8-4793-40D7-983C-017D6BE4C99A}.Release|Any CPU.ActiveCfg = Release|Any CPU
		{8012D0A8-4793-40D7-983C-017D6BE4C99A}.Release|Any CPU.Build.0 = Release|Any CPU
	EndGlobalSection
	GlobalSection(NestedProjects) = preSolution
		{DE055189-83CD-4AE3-BD7A-7A38E6C90D92} = {3CA4B5EA-750D-4724-B696-D1EE0AE93963}
		{8F934DA2-8B62-42EE-BCC7-337E23C586AD} = {3CA4B5EA-750D-4724-B696-D1EE0AE93963}
		{4A6B067E-E04F-463B-8837-08ABBFD70F15} = {3CA4B5EA-750D-4724-B696-D1EE0AE93963}
		{8012D0A8-4793-40D7-983C-017D6BE4C99A} = {3CA4B5EA-750D-4724-B696-D1EE0AE93963}
	EndGlobalSection
EndGlobal
